// !$*UTF8*$!
{
	archiveVersion = 1;
	classes = {
	};
	objectVersion = 56;
	objects = {

/* Begin PBXBuildFile section */
		BB670B7B2BDF8CE200213560 /* AppDelegate.swift in Sources */ = {isa = PBXBuildFile; fileRef = BB670B7A2BDF8CE200213560 /* AppDelegate.swift */; };
		BB670B7D2BDF8CE200213560 /* SceneDelegate.swift in Sources */ = {isa = PBXBuildFile; fileRef = BB670B7C2BDF8CE200213560 /* SceneDelegate.swift */; };
		BB670B7F2BDF8CE200213560 /* ViewController.swift in Sources */ = {isa = PBXBuildFile; fileRef = BB670B7E2BDF8CE200213560 /* ViewController.swift */; };
		BB670B822BDF8CE200213560 /* Base in Resources */ = {isa = PBXBuildFile; fileRef = BB670B812BDF8CE200213560 /* Base */; };
		BB670B842BDF8CE400213560 /* Assets.xcassets in Resources */ = {isa = PBXBuildFile; fileRef = BB670B832BDF8CE400213560 /* Assets.xcassets */; };
		BB670B872BDF8CE400213560 /* Base in Resources */ = {isa = PBXBuildFile; fileRef = BB670B862BDF8CE400213560 /* Base */; };
		BB670B992BDF8F8100213560 /* nssl0033.jpg in Resources */ = {isa = PBXBuildFile; fileRef = BB670B8E2BDF8F8100213560 /* nssl0033.jpg */; };
		BB670B9A2BDF8F8100213560 /* nssl0034.jpg in Resources */ = {isa = PBXBuildFile; fileRef = BB670B8F2BDF8F8100213560 /* nssl0034.jpg */; };
		BB670B9B2BDF8F8100213560 /* nssl0041.jpg in Resources */ = {isa = PBXBuildFile; fileRef = BB670B902BDF8F8100213560 /* nssl0041.jpg */; };
		BB670B9C2BDF8F8100213560 /* nssl0042.jpg in Resources */ = {isa = PBXBuildFile; fileRef = BB670B912BDF8F8100213560 /* nssl0042.jpg */; };
		BB670B9D2BDF8F8100213560 /* nssl0043.jpg in Resources */ = {isa = PBXBuildFile; fileRef = BB670B922BDF8F8100213560 /* nssl0043.jpg */; };
		BB670B9E2BDF8F8100213560 /* nssl0045.jpg in Resources */ = {isa = PBXBuildFile; fileRef = BB670B932BDF8F8100213560 /* nssl0045.jpg */; };
		BB670B9F2BDF8F8100213560 /* nssl0046.jpg in Resources */ = {isa = PBXBuildFile; fileRef = BB670B942BDF8F8100213560 /* nssl0046.jpg */; };
		BB670BA02BDF8F8100213560 /* nssl0049.jpg in Resources */ = {isa = PBXBuildFile; fileRef = BB670B952BDF8F8100213560 /* nssl0049.jpg */; };
		BB670BA12BDF8F8100213560 /* nssl0051.jpg in Resources */ = {isa = PBXBuildFile; fileRef = BB670B962BDF8F8100213560 /* nssl0051.jpg */; };
		BB670BA22BDF8F8100213560 /* nssl0091.jpg in Resources */ = {isa = PBXBuildFile; fileRef = BB670B972BDF8F8100213560 /* nssl0091.jpg */; };
		BB670BA42BDF9A2700213560 /* DetailViewController.swift in Sources */ = {isa = PBXBuildFile; fileRef = BB670BA32BDF9A2700213560 /* DetailViewController.swift */; };
/* End PBXBuildFile section */

/* Begin PBXFileReference section */
		BB670B772BDF8CE200213560 /* Project-1.app */ = {isa = PBXFileReference; explicitFileType = wrapper.application; includeInIndex = 0; path = "Project-1.app"; sourceTree = BUILT_PRODUCTS_DIR; };
		BB670B7A2BDF8CE200213560 /* AppDelegate.swift */ = {isa = PBXFileReference; lastKnownFileType = sourcecode.swift; path = AppDelegate.swift; sourceTree = "<group>"; };
		BB670B7C2BDF8CE200213560 /* SceneDelegate.swift */ = {isa = PBXFileReference; lastKnownFileType = sourcecode.swift; path = SceneDelegate.swift; sourceTree = "<group>"; };
		BB670B7E2BDF8CE200213560 /* ViewController.swift */ = {isa = PBXFileReference; lastKnownFileType = sourcecode.swift; path = ViewController.swift; sourceTree = "<group>"; };
		BB670B812BDF8CE200213560 /* Base */ = {isa = PBXFileReference; lastKnownFileType = file.storyboard; name = Base; path = Base.lproj/Main.storyboard; sourceTree = "<group>"; };
		BB670B832BDF8CE400213560 /* Assets.xcassets */ = {isa = PBXFileReference; lastKnownFileType = folder.assetcatalog; path = Assets.xcassets; sourceTree = "<group>"; };
		BB670B862BDF8CE400213560 /* Base */ = {isa = PBXFileReference; lastKnownFileType = file.storyboard; name = Base; path = Base.lproj/LaunchScreen.storyboard; sourceTree = "<group>"; };
		BB670B882BDF8CE400213560 /* Info.plist */ = {isa = PBXFileReference; lastKnownFileType = text.plist.xml; path = Info.plist; sourceTree = "<group>"; };
		BB670B8E2BDF8F8100213560 /* nssl0033.jpg */ = {isa = PBXFileReference; lastKnownFileType = image.jpeg; path = nssl0033.jpg; sourceTree = "<group>"; };
		BB670B8F2BDF8F8100213560 /* nssl0034.jpg */ = {isa = PBXFileReference; lastKnownFileType = image.jpeg; path = nssl0034.jpg; sourceTree = "<group>"; };
		BB670B902BDF8F8100213560 /* nssl0041.jpg */ = {isa = PBXFileReference; lastKnownFileType = image.jpeg; path = nssl0041.jpg; sourceTree = "<group>"; };
		BB670B912BDF8F8100213560 /* nssl0042.jpg */ = {isa = PBXFileReference; lastKnownFileType = image.jpeg; path = nssl0042.jpg; sourceTree = "<group>"; };
		BB670B922BDF8F8100213560 /* nssl0043.jpg */ = {isa = PBXFileReference; lastKnownFileType = image.jpeg; path = nssl0043.jpg; sourceTree = "<group>"; };
		BB670B932BDF8F8100213560 /* nssl0045.jpg */ = {isa = PBXFileReference; lastKnownFileType = image.jpeg; path = nssl0045.jpg; sourceTree = "<group>"; };
		BB670B942BDF8F8100213560 /* nssl0046.jpg */ = {isa = PBXFileReference; lastKnownFileType = image.jpeg; path = nssl0046.jpg; sourceTree = "<group>"; };
		BB670B952BDF8F8100213560 /* nssl0049.jpg */ = {isa = PBXFileReference; lastKnownFileType = image.jpeg; path = nssl0049.jpg; sourceTree = "<group>"; };
		BB670B962BDF8F8100213560 /* nssl0051.jpg */ = {isa = PBXFileReference; lastKnownFileType = image.jpeg; path = nssl0051.jpg; sourceTree = "<group>"; };
		BB670B972BDF8F8100213560 /* nssl0091.jpg */ = {isa = PBXFileReference; lastKnownFileType = image.jpeg; path = nssl0091.jpg; sourceTree = "<group>"; };
		BB670BA32BDF9A2700213560 /* DetailViewController.swift */ = {isa = PBXFileReference; lastKnownFileType = sourcecode.swift; path = DetailViewController.swift; sourceTree = "<group>"; };
/* End PBXFileReference section */

/* Begin PBXFrameworksBuildPhase section */
		BB670B742BDF8CE200213560 /* Frameworks */ = {
			isa = PBXFrameworksBuildPhase;
			buildActionMask = 2147483647;
			files = (
			);
			runOnlyForDeploymentPostprocessing = 0;
		};
/* End PBXFrameworksBuildPhase section */

/* Begin PBXGroup section */
		BB670B6E2BDF8CE200213560 = {
			isa = PBXGroup;
			children = (
				BB670B792BDF8CE200213560 /* Project-1 */,
				BB670B782BDF8CE200213560 /* Products */,
			);
			sourceTree = "<group>";
		};
		BB670B782BDF8CE200213560 /* Products */ = {
			isa = PBXGroup;
			children = (
				BB670B772BDF8CE200213560 /* Project-1.app */,
			);
			name = Products;
			sourceTree = "<group>";
		};
		BB670B792BDF8CE200213560 /* Project-1 */ = {
			isa = PBXGroup;
			children = (
				BB670B7A2BDF8CE200213560 /* AppDelegate.swift */,
				BB670B7C2BDF8CE200213560 /* SceneDelegate.swift */,
				BB670B7E2BDF8CE200213560 /* ViewController.swift */,
				BB670BA32BDF9A2700213560 /* DetailViewController.swift */,
				BB670B802BDF8CE200213560 /* Main.storyboard */,
				BB670B832BDF8CE400213560 /* Assets.xcassets */,
				BB670B852BDF8CE400213560 /* LaunchScreen.storyboard */,
				BB670B882BDF8CE400213560 /* Info.plist */,
				BB670B982BDF8F8100213560 /* Content */,
			);
			path = "Project-1";
			sourceTree = "<group>";
		};
		BB670B982BDF8F8100213560 /* Content */ = {
			isa = PBXGroup;
			children = (
				BB670B8E2BDF8F8100213560 /* nssl0033.jpg */,
				BB670B8F2BDF8F8100213560 /* nssl0034.jpg */,
				BB670B902BDF8F8100213560 /* nssl0041.jpg */,
				BB670B912BDF8F8100213560 /* nssl0042.jpg */,
				BB670B922BDF8F8100213560 /* nssl0043.jpg */,
				BB670B932BDF8F8100213560 /* nssl0045.jpg */,
				BB670B942BDF8F8100213560 /* nssl0046.jpg */,
				BB670B952BDF8F8100213560 /* nssl0049.jpg */,
				BB670B962BDF8F8100213560 /* nssl0051.jpg */,
				BB670B972BDF8F8100213560 /* nssl0091.jpg */,
			);
			path = Content;
			sourceTree = "<group>";
		};
/* End PBXGroup section */

/* Begin PBXNativeTarget section */
		BB670B762BDF8CE200213560 /* Project-1 */ = {
			isa = PBXNativeTarget;
			buildConfigurationList = BB670B8B2BDF8CE400213560 /* Build configuration list for PBXNativeTarget "Project-1" */;
			buildPhases = (
				BB670B732BDF8CE200213560 /* Sources */,
				BB670B742BDF8CE200213560 /* Frameworks */,
				BB670B752BDF8CE200213560 /* Resources */,
			);
			buildRules = (
			);
			dependencies = (
			);
			name = "Project-1";
			productName = "Project-1";
			productReference = BB670B772BDF8CE200213560 /* Project-1.app */;
			productType = "com.apple.product-type.application";
		};
/* End PBXNativeTarget section */

/* Begin PBXProject section */
		BB670B6F2BDF8CE200213560 /* Project object */ = {
			isa = PBXProject;
			attributes = {
				BuildIndependentTargetsInParallel = 1;
				LastSwiftUpdateCheck = 1530;
				LastUpgradeCheck = 1530;
				TargetAttributes = {
					BB670B762BDF8CE200213560 = {
						CreatedOnToolsVersion = 15.3;
					};
				};
			};
			buildConfigurationList = BB670B722BDF8CE200213560 /* Build configuration list for PBXProject "Project-1" */;
			compatibilityVersion = "Xcode 14.0";
			developmentRegion = en;
			hasScannedForEncodings = 0;
			knownRegions = (
				en,
				Base,
			);
			mainGroup = BB670B6E2BDF8CE200213560;
			productRefGroup = BB670B782BDF8CE200213560 /* Products */;
			projectDirPath = "";
			projectRoot = "";
			targets = (
				BB670B762BDF8CE200213560 /* Project-1 */,
			);
		};
/* End PBXProject section */

/* Begin PBXResourcesBuildPhase section */
		BB670B752BDF8CE200213560 /* Resources */ = {
			isa = PBXResourcesBuildPhase;
			buildActionMask = 2147483647;
			files = (
				BB670B9A2BDF8F8100213560 /* nssl0034.jpg in Resources */,
				BB670BA12BDF8F8100213560 /* nssl0051.jpg in Resources */,
				BB670B842BDF8CE400213560 /* Assets.xcassets in Resources */,
				BB670B9D2BDF8F8100213560 /* nssl0043.jpg in Resources */,
				BB670B992BDF8F8100213560 /* nssl0033.jpg in Resources */,
				BB670B9E2BDF8F8100213560 /* nssl0045.jpg in Resources */,
				BB670B9F2BDF8F8100213560 /* nssl0046.jpg in Resources */,
				BB670BA02BDF8F8100213560 /* nssl0049.jpg in Resources */,
				BB670B9C2BDF8F8100213560 /* nssl0042.jpg in Resources */,
				BB670B872BDF8CE400213560 /* Base in Resources */,
				BB670BA22BDF8F8100213560 /* nssl0091.jpg in Resources */,
				BB670B9B2BDF8F8100213560 /* nssl0041.jpg in Resources */,
				BB670B822BDF8CE200213560 /* Base in Resources */,
			);
			runOnlyForDeploymentPostprocessing = 0;
		};
/* End PBXResourcesBuildPhase section */

/* Begin PBXSourcesBuildPhase section */
		BB670B732BDF8CE200213560 /* Sources */ = {
			isa = PBXSourcesBuildPhase;
			buildActionMask = 2147483647;
			files = (
				BB670B7F2BDF8CE200213560 /* ViewController.swift in Sources */,
				BB670B7B2BDF8CE200213560 /* AppDelegate.swift in Sources */,
				BB670B7D2BDF8CE200213560 /* SceneDelegate.swift in Sources */,
				BB670BA42BDF9A2700213560 /* DetailViewController.swift in Sources */,
			);
			runOnlyForDeploymentPostprocessing = 0;
		};
/* End PBXSourcesBuildPhase section */

/* Begin PBXVariantGroup section */
		BB670B802BDF8CE200213560 /* Main.storyboard */ = {
			isa = PBXVariantGroup;
			children = (
				BB670B812BDF8CE200213560 /* Base */,
			);
			name = Main.storyboard;
			sourceTree = "<group>";
		};
		BB670B852BDF8CE400213560 /* LaunchScreen.storyboard */ = {
			isa = PBXVariantGroup;
			children = (
				BB670B862BDF8CE400213560 /* Base */,
			);
			name = LaunchScreen.storyboard;
			sourceTree = "<group>";
		};
/* End PBXVariantGroup section */

/* Begin XCBuildConfiguration section */
		BB670B892BDF8CE400213560 /* Debug */ = {
			isa = XCBuildConfiguration;
			buildSettings = {
				ALWAYS_SEARCH_USER_PATHS = NO;
				ASSETCATALOG_COMPILER_GENERATE_SWIFT_ASSET_SYMBOL_EXTENSIONS = YES;
				CLANG_ANALYZER_NONNULL = YES;
				CLANG_ANALYZER_NUMBER_OBJECT_CONVERSION = YES_AGGRESSIVE;
				CLANG_CXX_LANGUAGE_STANDARD = "gnu++20";
				CLANG_ENABLE_MODULES = YES;
				CLANG_ENABLE_OBJC_ARC = YES;
				CLANG_ENABLE_OBJC_WEAK = YES;
				CLANG_WARN_BLOCK_CAPTURE_AUTORELEASING = YES;
				CLANG_WARN_BOOL_CONVERSION = YES;
				CLANG_WARN_COMMA = YES;
				CLANG_WARN_CONSTANT_CONVERSION = YES;
				CLANG_WARN_DEPRECATED_OBJC_IMPLEMENTATIONS = YES;
				CLANG_WARN_DIRECT_OBJC_ISA_USAGE = YES_ERROR;
				CLANG_WARN_DOCUMENTATION_COMMENTS = YES;
				CLANG_WARN_EMPTY_BODY = YES;
				CLANG_WARN_ENUM_CONVERSION = YES;
				CLANG_WARN_INFINITE_RECURSION = YES;
				CLANG_WARN_INT_CONVERSION = YES;
				CLANG_WARN_NON_LITERAL_NULL_CONVERSION = YES;
				CLANG_WARN_OBJC_IMPLICIT_RETAIN_SELF = YES;
				CLANG_WARN_OBJC_LITERAL_CONVERSION = YES;
				CLANG_WARN_OBJC_ROOT_CLASS = YES_ERROR;
				CLANG_WARN_QUOTED_INCLUDE_IN_FRAMEWORK_HEADER = YES;
				CLANG_WARN_RANGE_LOOP_ANALYSIS = YES;
				CLANG_WARN_STRICT_PROTOTYPES = YES;
				CLANG_WARN_SUSPICIOUS_MOVE = YES;
				CLANG_WARN_UNGUARDED_AVAILABILITY = YES_AGGRESSIVE;
				CLANG_WARN_UNREACHABLE_CODE = YES;
				CLANG_WARN__DUPLICATE_METHOD_MATCH = YES;
				COPY_PHASE_STRIP = NO;
				DEBUG_INFORMATION_FORMAT = dwarf;
				ENABLE_STRICT_OBJC_MSGSEND = YES;
				ENABLE_TESTABILITY = YES;
				ENABLE_USER_SCRIPT_SANDBOXING = YES;
				GCC_C_LANGUAGE_STANDARD = gnu17;
				GCC_DYNAMIC_NO_PIC = NO;
				GCC_NO_COMMON_BLOCKS = YES;
				GCC_OPTIMIZATION_LEVEL = 0;
				GCC_PREPROCESSOR_DEFINITIONS = (
					"DEBUG=1",
					"$(inherited)",
				);
				GCC_WARN_64_TO_32_BIT_CONVERSION = YES;
				GCC_WARN_ABOUT_RETURN_TYPE = YES_ERROR;
				GCC_WARN_UNDECLARED_SELECTOR = YES;
				GCC_WARN_UNINITIALIZED_AUTOS = YES_AGGRESSIVE;
				GCC_WARN_UNUSED_FUNCTION = YES;
				GCC_WARN_UNUSED_VARIABLE = YES;
				IPHONEOS_DEPLOYMENT_TARGET = 17.4;
				LOCALIZATION_PREFERS_STRING_CATALOGS = YES;
				MTL_ENABLE_DEBUG_INFO = INCLUDE_SOURCE;
				MTL_FAST_MATH = YES;
				ONLY_ACTIVE_ARCH = YES;
				SDKROOT = iphoneos;
				SWIFT_ACTIVE_COMPILATION_CONDITIONS = "DEBUG $(inherited)";
				SWIFT_OPTIMIZATION_LEVEL = "-Onone";
			};
			name = Debug;
		};
		BB670B8A2BDF8CE400213560 /* Release */ = {
			isa = XCBuildConfiguration;
			buildSettings = {
				ALWAYS_SEARCH_USER_PATHS = NO;
				ASSETCATALOG_COMPILER_GENERATE_SWIFT_ASSET_SYMBOL_EXTENSIONS = YES;
				CLANG_ANALYZER_NONNULL = YES;
				CLANG_ANALYZER_NUMBER_OBJECT_CONVERSION = YES_AGGRESSIVE;
				CLANG_CXX_LANGUAGE_STANDARD = "gnu++20";
				CLANG_ENABLE_MODULES = YES;
				CLANG_ENABLE_OBJC_ARC = YES;
				CLANG_ENABLE_OBJC_WEAK = YES;
				CLANG_WARN_BLOCK_CAPTURE_AUTORELEASING = YES;
				CLANG_WARN_BOOL_CONVERSION = YES;
				CLANG_WARN_COMMA = YES;
				CLANG_WARN_CONSTANT_CONVERSION = YES;
				CLANG_WARN_DEPRECATED_OBJC_IMPLEMENTATIONS = YES;
				CLANG_WARN_DIRECT_OBJC_ISA_USAGE = YES_ERROR;
				CLANG_WARN_DOCUMENTATION_COMMENTS = YES;
				CLANG_WARN_EMPTY_BODY = YES;
				CLANG_WARN_ENUM_CONVERSION = YES;
				CLANG_WARN_INFINITE_RECURSION = YES;
				CLANG_WARN_INT_CONVERSION = YES;
				CLANG_WARN_NON_LITERAL_NULL_CONVERSION = YES;
				CLANG_WARN_OBJC_IMPLICIT_RETAIN_SELF = YES;
				CLANG_WARN_OBJC_LITERAL_CONVERSION = YES;
				CLANG_WARN_OBJC_ROOT_CLASS = YES_ERROR;
				CLANG_WARN_QUOTED_INCLUDE_IN_FRAMEWORK_HEADER = YES;
				CLANG_WARN_RANGE_LOOP_ANALYSIS = YES;
				CLANG_WARN_STRICT_PROTOTYPES = YES;
				CLANG_WARN_SUSPICIOUS_MOVE = YES;
				CLANG_WARN_UNGUARDED_AVAILABILITY = YES_AGGRESSIVE;
				CLANG_WARN_UNREACHABLE_CODE = YES;
				CLANG_WARN__DUPLICATE_METHOD_MATCH = YES;
				COPY_PHASE_STRIP = NO;
				DEBUG_INFORMATION_FORMAT = "dwarf-with-dsym";
				ENABLE_NS_ASSERTIONS = NO;
				ENABLE_STRICT_OBJC_MSGSEND = YES;
				ENABLE_USER_SCRIPT_SANDBOXING = YES;
				GCC_C_LANGUAGE_STANDARD = gnu17;
				GCC_NO_COMMON_BLOCKS = YES;
				GCC_WARN_64_TO_32_BIT_CONVERSION = YES;
				GCC_WARN_ABOUT_RETURN_TYPE = YES_ERROR;
				GCC_WARN_UNDECLARED_SELECTOR = YES;
				GCC_WARN_UNINITIALIZED_AUTOS = YES_AGGRESSIVE;
				GCC_WARN_UNUSED_FUNCTION = YES;
				GCC_WARN_UNUSED_VARIABLE = YES;
				IPHONEOS_DEPLOYMENT_TARGET = 17.4;
				LOCALIZATION_PREFERS_STRING_CATALOGS = YES;
				MTL_ENABLE_DEBUG_INFO = NO;
				MTL_FAST_MATH = YES;
				SDKROOT = iphoneos;
				SWIFT_COMPILATION_MODE = wholemodule;
				VALIDATE_PRODUCT = YES;
			};
			name = Release;
		};
		BB670B8C2BDF8CE400213560 /* Debug */ = {
			isa = XCBuildConfiguration;
			buildSettings = {
				ASSETCATALOG_COMPILER_APPICON_NAME = AppIcon;
				ASSETCATALOG_COMPILER_GLOBAL_ACCENT_COLOR_NAME = AccentColor;
				CODE_SIGN_STYLE = Automatic;
				CURRENT_PROJECT_VERSION = 1;
				DEVELOPMENT_TEAM = 9PY53WPJ8K;
				GENERATE_INFOPLIST_FILE = YES;
				INFOPLIST_FILE = "Project-1/Info.plist";
				INFOPLIST_KEY_UIApplicationSupportsIndirectInputEvents = YES;
				INFOPLIST_KEY_UILaunchStoryboardName = LaunchScreen;
				INFOPLIST_KEY_UIMainStoryboardFile = Main;
				INFOPLIST_KEY_UISupportedInterfaceOrientations_iPad = "UIInterfaceOrientationPortrait UIInterfaceOrientationPortraitUpsideDown UIInterfaceOrientationLandscapeLeft UIInterfaceOrientationLandscapeRight";
				INFOPLIST_KEY_UISupportedInterfaceOrientations_iPhone = "UIInterfaceOrientationPortrait UIInterfaceOrientationLandscapeLeft UIInterfaceOrientationLandscapeRight";
				LD_RUNPATH_SEARCH_PATHS = (
					"$(inherited)",
					"@executable_path/Frameworks",
				);
				MARKETING_VERSION = 1.0;
				PRODUCT_BUNDLE_IDENTIFIER = "com.Project-1";
				PRODUCT_NAME = "$(TARGET_NAME)";
				SWIFT_EMIT_LOC_STRINGS = YES;
				SWIFT_VERSION = 5.0;
				TARGETED_DEVICE_FAMILY = "1,2";
			};
			name = Debug;
		};
		BB670B8D2BDF8CE400213560 /* Release */ = {
			isa = XCBuildConfiguration;
			buildSettings = {
				ASSETCATALOG_COMPILER_APPICON_NAME = AppIcon;
				ASSETCATALOG_COMPILER_GLOBAL_ACCENT_COLOR_NAME = AccentColor;
				CODE_SIGN_STYLE = Automatic;
				CURRENT_PROJECT_VERSION = 1;
				DEVELOPMENT_TEAM = 9PY53WPJ8K;
				GENERATE_INFOPLIST_FILE = YES;
				INFOPLIST_FILE = "Project-1/Info.plist";
				INFOPLIST_KEY_UIApplicationSupportsIndirectInputEvents = YES;
				INFOPLIST_KEY_UILaunchStoryboardName = LaunchScreen;
				INFOPLIST_KEY_UIMainStoryboardFile = Main;
				INFOPLIST_KEY_UISupportedInterfaceOrientations_iPad = "UIInterfaceOrientationPortrait UIInterfaceOrientationPortraitUpsideDown UIInterfaceOrientationLandscapeLeft UIInterfaceOrientationLandscapeRight";
				INFOPLIST_KEY_UISupportedInterfaceOrientations_iPhone = "UIInterfaceOrientationPortrait UIInterfaceOrientationLandscapeLeft UIInterfaceOrientationLandscapeRight";
				LD_RUNPATH_SEARCH_PATHS = (
					"$(inherited)",
					"@executable_path/Frameworks",
				);
				MARKETING_VERSION = 1.0;
				PRODUCT_BUNDLE_IDENTIFIER = "com.Project-1";
				PRODUCT_NAME = "$(TARGET_NAME)";
				SWIFT_EMIT_LOC_STRINGS = YES;
				SWIFT_VERSION = 5.0;
				TARGETED_DEVICE_FAMILY = "1,2";
			};
			name = Release;
		};
/* End XCBuildConfiguration section */

/* Begin XCConfigurationList section */
		BB670B722BDF8CE200213560 /* Build configuration list for PBXProject "Project-1" */ = {
			isa = XCConfigurationList;
			buildConfigurations = (
				BB670B892BDF8CE400213560 /* Debug */,
				BB670B8A2BDF8CE400213560 /* Release */,
			);
			defaultConfigurationIsVisible = 0;
			defaultConfigurationName = Release;
		};
		BB670B8B2BDF8CE400213560 /* Build configuration list for PBXNativeTarget "Project-1" */ = {
			isa = XCConfigurationList;
			buildConfigurations = (
				BB670B8C2BDF8CE400213560 /* Debug */,
				BB670B8D2BDF8CE400213560 /* Release */,
			);
			defaultConfigurationIsVisible = 0;
			defaultConfigurationName = Release;
		};
/* End XCConfigurationList section */
	};
	rootObject = BB670B6F2BDF8CE200213560 /* Project object */;
}
